// !$*UTF8*$!
{
	archiveVersion = 1;
	classes = {
	};
	objectVersion = 55;
	objects = {

/* Begin PBXBuildFile section */
		AB94A4BD28737A8E00521CA5 /* ScrumdingerApp.swift in Sources */ = {isa = PBXBuildFile; fileRef = AB94A4BC28737A8E00521CA5 /* ScrumdingerApp.swift */; };
		AB94A4BF28737A8E00521CA5 /* MeetingView.swift in Sources */ = {isa = PBXBuildFile; fileRef = AB94A4BE28737A8E00521CA5 /* MeetingView.swift */; };
		AB94A4C128737A9100521CA5 /* Assets.xcassets in Resources */ = {isa = PBXBuildFile; fileRef = AB94A4C028737A9100521CA5 /* Assets.xcassets */; };
		AB94A4C428737A9100521CA5 /* Preview Assets.xcassets in Resources */ = {isa = PBXBuildFile; fileRef = AB94A4C328737A9100521CA5 /* Preview Assets.xcassets */; };
		AB94A4CC2873802200521CA5 /* Theme.swift in Sources */ = {isa = PBXBuildFile; fileRef = AB94A4CB2873802200521CA5 /* Theme.swift */; };
		AB94A4CE287380AD00521CA5 /* DailyScrum.swift in Sources */ = {isa = PBXBuildFile; fileRef = AB94A4CD287380AD00521CA5 /* DailyScrum.swift */; };
		AB94A4D02873814A00521CA5 /* CardView.swift in Sources */ = {isa = PBXBuildFile; fileRef = AB94A4CF2873814A00521CA5 /* CardView.swift */; };
		AB94A4D2287382AD00521CA5 /* TrailingIconLabelStyle.swift in Sources */ = {isa = PBXBuildFile; fileRef = AB94A4D1287382AD00521CA5 /* TrailingIconLabelStyle.swift */; };
		AB94A4D52873853600521CA5 /* ScrumsView.swift in Sources */ = {isa = PBXBuildFile; fileRef = AB94A4D42873853600521CA5 /* ScrumsView.swift */; };
		AB94A4D72873D95600521CA5 /* DetailView.swift in Sources */ = {isa = PBXBuildFile; fileRef = AB94A4D62873D95600521CA5 /* DetailView.swift */; };
		AB94A4D92875038100521CA5 /* DetailEditView.swift in Sources */ = {isa = PBXBuildFile; fileRef = AB94A4D82875038000521CA5 /* DetailEditView.swift */; };
		AB94A4DB28750B8100521CA5 /* ThemeView.swift in Sources */ = {isa = PBXBuildFile; fileRef = AB94A4DA28750B8100521CA5 /* ThemeView.swift */; };
		AB94A4DD28750C3F00521CA5 /* ThemePicker.swift in Sources */ = {isa = PBXBuildFile; fileRef = AB94A4DC28750C3F00521CA5 /* ThemePicker.swift */; };
		AB94A4DF2876433F00521CA5 /* MeetingHeaderView.swift in Sources */ = {isa = PBXBuildFile; fileRef = AB94A4DE2876433F00521CA5 /* MeetingHeaderView.swift */; };
		AB94A4E12876452100521CA5 /* ScrumProgressViewStyle.swift in Sources */ = {isa = PBXBuildFile; fileRef = AB94A4E02876452100521CA5 /* ScrumProgressViewStyle.swift */; };
		AB94A4E3287645C900521CA5 /* ScrumTimer.swift in Sources */ = {isa = PBXBuildFile; fileRef = AB94A4E2287645C900521CA5 /* ScrumTimer.swift */; };
		AB94A4E5287647B200521CA5 /* MeetingFooterView.swift in Sources */ = {isa = PBXBuildFile; fileRef = AB94A4E4287647B200521CA5 /* MeetingFooterView.swift */; };
		AB94A4E828764CAA00521CA5 /* AVPlayer+Ding.swift in Sources */ = {isa = PBXBuildFile; fileRef = AB94A4E728764CAA00521CA5 /* AVPlayer+Ding.swift */; };
		AB94A4EB28764CCB00521CA5 /* ding.wav in Resources */ = {isa = PBXBuildFile; fileRef = AB94A4EA28764CCB00521CA5 /* ding.wav */; };
/* End PBXBuildFile section */

/* Begin PBXFileReference section */
		AB94A4B928737A8E00521CA5 /* Scrumdinger.app */ = {isa = PBXFileReference; explicitFileType = wrapper.application; includeInIndex = 0; path = Scrumdinger.app; sourceTree = BUILT_PRODUCTS_DIR; };
		AB94A4BC28737A8E00521CA5 /* ScrumdingerApp.swift */ = {isa = PBXFileReference; lastKnownFileType = sourcecode.swift; path = ScrumdingerApp.swift; sourceTree = "<group>"; };
		AB94A4BE28737A8E00521CA5 /* MeetingView.swift */ = {isa = PBXFileReference; lastKnownFileType = sourcecode.swift; path = MeetingView.swift; sourceTree = "<group>"; };
		AB94A4C028737A9100521CA5 /* Assets.xcassets */ = {isa = PBXFileReference; lastKnownFileType = folder.assetcatalog; path = Assets.xcassets; sourceTree = "<group>"; };
		AB94A4C328737A9100521CA5 /* Preview Assets.xcassets */ = {isa = PBXFileReference; lastKnownFileType = folder.assetcatalog; path = "Preview Assets.xcassets"; sourceTree = "<group>"; };
		AB94A4CB2873802200521CA5 /* Theme.swift */ = {isa = PBXFileReference; lastKnownFileType = sourcecode.swift; path = Theme.swift; sourceTree = "<group>"; };
		AB94A4CD287380AD00521CA5 /* DailyScrum.swift */ = {isa = PBXFileReference; lastKnownFileType = sourcecode.swift; path = DailyScrum.swift; sourceTree = "<group>"; };
		AB94A4CF2873814A00521CA5 /* CardView.swift */ = {isa = PBXFileReference; lastKnownFileType = sourcecode.swift; path = CardView.swift; sourceTree = "<group>"; };
		AB94A4D1287382AD00521CA5 /* TrailingIconLabelStyle.swift */ = {isa = PBXFileReference; lastKnownFileType = sourcecode.swift; path = TrailingIconLabelStyle.swift; sourceTree = "<group>"; };
		AB94A4D42873853600521CA5 /* ScrumsView.swift */ = {isa = PBXFileReference; lastKnownFileType = sourcecode.swift; path = ScrumsView.swift; sourceTree = "<group>"; };
		AB94A4D62873D95600521CA5 /* DetailView.swift */ = {isa = PBXFileReference; lastKnownFileType = sourcecode.swift; path = DetailView.swift; sourceTree = "<group>"; };
		AB94A4D82875038000521CA5 /* DetailEditView.swift */ = {isa = PBXFileReference; lastKnownFileType = sourcecode.swift; path = DetailEditView.swift; sourceTree = "<group>"; };
		AB94A4DA28750B8100521CA5 /* ThemeView.swift */ = {isa = PBXFileReference; lastKnownFileType = sourcecode.swift; path = ThemeView.swift; sourceTree = "<group>"; };
		AB94A4DC28750C3F00521CA5 /* ThemePicker.swift */ = {isa = PBXFileReference; lastKnownFileType = sourcecode.swift; path = ThemePicker.swift; sourceTree = "<group>"; };
		AB94A4DE2876433F00521CA5 /* MeetingHeaderView.swift */ = {isa = PBXFileReference; lastKnownFileType = sourcecode.swift; path = MeetingHeaderView.swift; sourceTree = "<group>"; };
		AB94A4E02876452100521CA5 /* ScrumProgressViewStyle.swift */ = {isa = PBXFileReference; fileEncoding = 4; lastKnownFileType = sourcecode.swift; path = ScrumProgressViewStyle.swift; sourceTree = "<group>"; };
		AB94A4E2287645C900521CA5 /* ScrumTimer.swift */ = {isa = PBXFileReference; fileEncoding = 4; lastKnownFileType = sourcecode.swift; path = ScrumTimer.swift; sourceTree = "<group>"; };
		AB94A4E4287647B200521CA5 /* MeetingFooterView.swift */ = {isa = PBXFileReference; lastKnownFileType = sourcecode.swift; path = MeetingFooterView.swift; sourceTree = "<group>"; };
		AB94A4E728764CAA00521CA5 /* AVPlayer+Ding.swift */ = {isa = PBXFileReference; fileEncoding = 4; lastKnownFileType = sourcecode.swift; path = "AVPlayer+Ding.swift"; sourceTree = "<group>"; };
		AB94A4EA28764CCB00521CA5 /* ding.wav */ = {isa = PBXFileReference; lastKnownFileType = audio.wav; path = ding.wav; sourceTree = "<group>"; };
/* End PBXFileReference section */

/* Begin PBXFrameworksBuildPhase section */
		AB94A4B628737A8E00521CA5 /* Frameworks */ = {
			isa = PBXFrameworksBuildPhase;
			buildActionMask = 2147483647;
			files = (
			);
			runOnlyForDeploymentPostprocessing = 0;
		};
/* End PBXFrameworksBuildPhase section */

/* Begin PBXGroup section */
		AB94A4B028737A8E00521CA5 = {
			isa = PBXGroup;
			children = (
				AB94A4BB28737A8E00521CA5 /* Scrumdinger */,
				AB94A4BA28737A8E00521CA5 /* Products */,
			);
			sourceTree = "<group>";
		};
		AB94A4BA28737A8E00521CA5 /* Products */ = {
			isa = PBXGroup;
			children = (
				AB94A4B928737A8E00521CA5 /* Scrumdinger.app */,
			);
			name = Products;
			sourceTree = "<group>";
		};
		AB94A4BB28737A8E00521CA5 /* Scrumdinger */ = {
			isa = PBXGroup;
			children = (
				AB94A4BC28737A8E00521CA5 /* ScrumdingerApp.swift */,
				AB94A4CA2873801300521CA5 /* Models */,
				AB94A4D32873851B00521CA5 /* Views */,
				AB94A4C028737A9100521CA5 /* Assets.xcassets */,
				AB94A4C228737A9100521CA5 /* Preview Content */,
			);
			path = Scrumdinger;
			sourceTree = "<group>";
		};
		AB94A4C228737A9100521CA5 /* Preview Content */ = {
			isa = PBXGroup;
			children = (
				AB94A4C328737A9100521CA5 /* Preview Assets.xcassets */,
			);
			path = "Preview Content";
			sourceTree = "<group>";
		};
		AB94A4CA2873801300521CA5 /* Models */ = {
			isa = PBXGroup;
			children = (
				AB94A4CB2873802200521CA5 /* Theme.swift */,
				AB94A4E2287645C900521CA5 /* ScrumTimer.swift */,
				AB94A4E728764CAA00521CA5 /* AVPlayer+Ding.swift */,
				AB94A4CD287380AD00521CA5 /* DailyScrum.swift */,
			);
			path = Models;
			sourceTree = "<group>";
		};
		AB94A4D32873851B00521CA5 /* Views */ = {
			isa = PBXGroup;
			children = (
				AB94A4CF2873814A00521CA5 /* CardView.swift */,
				AB94A4D1287382AD00521CA5 /* TrailingIconLabelStyle.swift */,
				AB94A4E628764C6300521CA5 /* MeetingView */,
				AB94A4D42873853600521CA5 /* ScrumsView.swift */,
				AB94A4E02876452100521CA5 /* ScrumProgressViewStyle.swift */,
				AB94A4D62873D95600521CA5 /* DetailView.swift */,
				AB94A4D82875038000521CA5 /* DetailEditView.swift */,
				AB94A4DC28750C3F00521CA5 /* ThemePicker.swift */,
				AB94A4E928764CCB00521CA5 /* Resources */,
				AB94A4DA28750B8100521CA5 /* ThemeView.swift */,
			);
			path = Views;
			sourceTree = "<group>";
		};
		AB94A4E628764C6300521CA5 /* MeetingView */ = {
			isa = PBXGroup;
			children = (
				AB94A4BE28737A8E00521CA5 /* MeetingView.swift */,
				AB94A4DE2876433F00521CA5 /* MeetingHeaderView.swift */,
				AB94A4E4287647B200521CA5 /* MeetingFooterView.swift */,
			);
			path = MeetingView;
			sourceTree = "<group>";
		};
		AB94A4E928764CCB00521CA5 /* Resources */ = {
			isa = PBXGroup;
			children = (
				AB94A4EA28764CCB00521CA5 /* ding.wav */,
			);
			path = Resources;
			sourceTree = "<group>";
		};
/* End PBXGroup section */

/* Begin PBXNativeTarget section */
		AB94A4B828737A8E00521CA5 /* Scrumdinger */ = {
			isa = PBXNativeTarget;
			buildConfigurationList = AB94A4C728737A9100521CA5 /* Build configuration list for PBXNativeTarget "Scrumdinger" */;
			buildPhases = (
				AB94A4B528737A8E00521CA5 /* Sources */,
				AB94A4B628737A8E00521CA5 /* Frameworks */,
				AB94A4B728737A8E00521CA5 /* Resources */,
			);
			buildRules = (
			);
			dependencies = (
			);
			name = Scrumdinger;
			productName = Scrumdinger;
			productReference = AB94A4B928737A8E00521CA5 /* Scrumdinger.app */;
			productType = "com.apple.product-type.application";
		};
/* End PBXNativeTarget section */

/* Begin PBXProject section */
		AB94A4B128737A8E00521CA5 /* Project object */ = {
			isa = PBXProject;
			attributes = {
				BuildIndependentTargetsInParallel = 1;
				LastSwiftUpdateCheck = 1340;
				LastUpgradeCheck = 1340;
				TargetAttributes = {
					AB94A4B828737A8E00521CA5 = {
						CreatedOnToolsVersion = 13.4.1;
					};
				};
			};
			buildConfigurationList = AB94A4B428737A8E00521CA5 /* Build configuration list for PBXProject "Scrumdinger" */;
			compatibilityVersion = "Xcode 13.0";
			developmentRegion = en;
			hasScannedForEncodings = 0;
			knownRegions = (
				en,
				Base,
			);
			mainGroup = AB94A4B028737A8E00521CA5;
			productRefGroup = AB94A4BA28737A8E00521CA5 /* Products */;
			projectDirPath = "";
			projectRoot = "";
			targets = (
				AB94A4B828737A8E00521CA5 /* Scrumdinger */,
			);
		};
/* End PBXProject section */

/* Begin PBXResourcesBuildPhase section */
		AB94A4B728737A8E00521CA5 /* Resources */ = {
			isa = PBXResourcesBuildPhase;
			buildActionMask = 2147483647;
			files = (
				AB94A4EB28764CCB00521CA5 /* ding.wav in Resources */,
				AB94A4C428737A9100521CA5 /* Preview Assets.xcassets in Resources */,
				AB94A4C128737A9100521CA5 /* Assets.xcassets in Resources */,
			);
			runOnlyForDeploymentPostprocessing = 0;
		};
/* End PBXResourcesBuildPhase section */

/* Begin PBXSourcesBuildPhase section */
		AB94A4B528737A8E00521CA5 /* Sources */ = {
			isa = PBXSourcesBuildPhase;
			buildActionMask = 2147483647;
			files = (
				AB94A4DD28750C3F00521CA5 /* ThemePicker.swift in Sources */,
				AB94A4E12876452100521CA5 /* ScrumProgressViewStyle.swift in Sources */,
				AB94A4E5287647B200521CA5 /* MeetingFooterView.swift in Sources */,
				AB94A4E3287645C900521CA5 /* ScrumTimer.swift in Sources */,
				AB94A4CE287380AD00521CA5 /* DailyScrum.swift in Sources */,
				AB94A4D72873D95600521CA5 /* DetailView.swift in Sources */,
				AB94A4DF2876433F00521CA5 /* MeetingHeaderView.swift in Sources */,
				AB94A4D92875038100521CA5 /* DetailEditView.swift in Sources */,
				AB94A4D2287382AD00521CA5 /* TrailingIconLabelStyle.swift in Sources */,
				AB94A4BF28737A8E00521CA5 /* MeetingView.swift in Sources */,
				AB94A4D52873853600521CA5 /* ScrumsView.swift in Sources */,
				AB94A4CC2873802200521CA5 /* Theme.swift in Sources */,
				AB94A4BD28737A8E00521CA5 /* ScrumdingerApp.swift in Sources */,
				AB94A4DB28750B8100521CA5 /* ThemeView.swift in Sources */,
				AB94A4D02873814A00521CA5 /* CardView.swift in Sources */,
				AB94A4E828764CAA00521CA5 /* AVPlayer+Ding.swift in Sources */,
			);
			runOnlyForDeploymentPostprocessing = 0;
		};
/* End PBXSourcesBuildPhase section */

/* Begin XCBuildConfiguration section */
		AB94A4C528737A9100521CA5 /* Debug */ = {
			isa = XCBuildConfiguration;
			buildSettings = {
				ALWAYS_SEARCH_USER_PATHS = NO;
				CLANG_ANALYZER_NONNULL = YES;
				CLANG_ANALYZER_NUMBER_OBJECT_CONVERSION = YES_AGGRESSIVE;
				CLANG_CXX_LANGUAGE_STANDARD = "gnu++17";
				CLANG_ENABLE_MODULES = YES;
				CLANG_ENABLE_OBJC_ARC = YES;
				CLANG_ENABLE_OBJC_WEAK = YES;
				CLANG_WARN_BLOCK_CAPTURE_AUTORELEASING = YES;
				CLANG_WARN_BOOL_CONVERSION = YES;
				CLANG_WARN_COMMA = YES;
				CLANG_WARN_CONSTANT_CONVERSION = YES;
				CLANG_WARN_DEPRECATED_OBJC_IMPLEMENTATIONS = YES;
				CLANG_WARN_DIRECT_OBJC_ISA_USAGE = YES_ERROR;
				CLANG_WARN_DOCUMENTATION_COMMENTS = YES;
				CLANG_WARN_EMPTY_BODY = YES;
				CLANG_WARN_ENUM_CONVERSION = YES;
				CLANG_WARN_INFINITE_RECURSION = YES;
				CLANG_WARN_INT_CONVERSION = YES;
				CLANG_WARN_NON_LITERAL_NULL_CONVERSION = YES;
				CLANG_WARN_OBJC_IMPLICIT_RETAIN_SELF = YES;
				CLANG_WARN_OBJC_LITERAL_CONVERSION = YES;
				CLANG_WARN_OBJC_ROOT_CLASS = YES_ERROR;
				CLANG_WARN_QUOTED_INCLUDE_IN_FRAMEWORK_HEADER = YES;
				CLANG_WARN_RANGE_LOOP_ANALYSIS = YES;
				CLANG_WARN_STRICT_PROTOTYPES = YES;
				CLANG_WARN_SUSPICIOUS_MOVE = YES;
				CLANG_WARN_UNGUARDED_AVAILABILITY = YES_AGGRESSIVE;
				CLANG_WARN_UNREACHABLE_CODE = YES;
				CLANG_WARN__DUPLICATE_METHOD_MATCH = YES;
				COPY_PHASE_STRIP = NO;
				DEBUG_INFORMATION_FORMAT = dwarf;
				ENABLE_STRICT_OBJC_MSGSEND = YES;
				ENABLE_TESTABILITY = YES;
				GCC_C_LANGUAGE_STANDARD = gnu11;
				GCC_DYNAMIC_NO_PIC = NO;
				GCC_NO_COMMON_BLOCKS = YES;
				GCC_OPTIMIZATION_LEVEL = 0;
				GCC_PREPROCESSOR_DEFINITIONS = (
					"DEBUG=1",
					"$(inherited)",
				);
				GCC_WARN_64_TO_32_BIT_CONVERSION = YES;
				GCC_WARN_ABOUT_RETURN_TYPE = YES_ERROR;
				GCC_WARN_UNDECLARED_SELECTOR = YES;
				GCC_WARN_UNINITIALIZED_AUTOS = YES_AGGRESSIVE;
				GCC_WARN_UNUSED_FUNCTION = YES;
				GCC_WARN_UNUSED_VARIABLE = YES;
				IPHONEOS_DEPLOYMENT_TARGET = 15.5;
				MTL_ENABLE_DEBUG_INFO = INCLUDE_SOURCE;
				MTL_FAST_MATH = YES;
				ONLY_ACTIVE_ARCH = YES;
				SDKROOT = iphoneos;
				SWIFT_ACTIVE_COMPILATION_CONDITIONS = DEBUG;
				SWIFT_OPTIMIZATION_LEVEL = "-Onone";
			};
			name = Debug;
		};
		AB94A4C628737A9100521CA5 /* Release */ = {
			isa = XCBuildConfiguration;
			buildSettings = {
				ALWAYS_SEARCH_USER_PATHS = NO;
				CLANG_ANALYZER_NONNULL = YES;
				CLANG_ANALYZER_NUMBER_OBJECT_CONVERSION = YES_AGGRESSIVE;
				CLANG_CXX_LANGUAGE_STANDARD = "gnu++17";
				CLANG_ENABLE_MODULES = YES;
				CLANG_ENABLE_OBJC_ARC = YES;
				CLANG_ENABLE_OBJC_WEAK = YES;
				CLANG_WARN_BLOCK_CAPTURE_AUTORELEASING = YES;
				CLANG_WARN_BOOL_CONVERSION = YES;
				CLANG_WARN_COMMA = YES;
				CLANG_WARN_CONSTANT_CONVERSION = YES;
				CLANG_WARN_DEPRECATED_OBJC_IMPLEMENTATIONS = YES;
				CLANG_WARN_DIRECT_OBJC_ISA_USAGE = YES_ERROR;
				CLANG_WARN_DOCUMENTATION_COMMENTS = YES;
				CLANG_WARN_EMPTY_BODY = YES;
				CLANG_WARN_ENUM_CONVERSION = YES;
				CLANG_WARN_INFINITE_RECURSION = YES;
				CLANG_WARN_INT_CONVERSION = YES;
				CLANG_WARN_NON_LITERAL_NULL_CONVERSION = YES;
				CLANG_WARN_OBJC_IMPLICIT_RETAIN_SELF = YES;
				CLANG_WARN_OBJC_LITERAL_CONVERSION = YES;
				CLANG_WARN_OBJC_ROOT_CLASS = YES_ERROR;
				CLANG_WARN_QUOTED_INCLUDE_IN_FRAMEWORK_HEADER = YES;
				CLANG_WARN_RANGE_LOOP_ANALYSIS = YES;
				CLANG_WARN_STRICT_PROTOTYPES = YES;
				CLANG_WARN_SUSPICIOUS_MOVE = YES;
				CLANG_WARN_UNGUARDED_AVAILABILITY = YES_AGGRESSIVE;
				CLANG_WARN_UNREACHABLE_CODE = YES;
				CLANG_WARN__DUPLICATE_METHOD_MATCH = YES;
				COPY_PHASE_STRIP = NO;
				DEBUG_INFORMATION_FORMAT = "dwarf-with-dsym";
				ENABLE_NS_ASSERTIONS = NO;
				ENABLE_STRICT_OBJC_MSGSEND = YES;
				GCC_C_LANGUAGE_STANDARD = gnu11;
				GCC_NO_COMMON_BLOCKS = YES;
				GCC_WARN_64_TO_32_BIT_CONVERSION = YES;
				GCC_WARN_ABOUT_RETURN_TYPE = YES_ERROR;
				GCC_WARN_UNDECLARED_SELECTOR = YES;
				GCC_WARN_UNINITIALIZED_AUTOS = YES_AGGRESSIVE;
				GCC_WARN_UNUSED_FUNCTION = YES;
				GCC_WARN_UNUSED_VARIABLE = YES;
				IPHONEOS_DEPLOYMENT_TARGET = 15.5;
				MTL_ENABLE_DEBUG_INFO = NO;
				MTL_FAST_MATH = YES;
				SDKROOT = iphoneos;
				SWIFT_COMPILATION_MODE = wholemodule;
				SWIFT_OPTIMIZATION_LEVEL = "-O";
				VALIDATE_PRODUCT = YES;
			};
			name = Release;
		};
		AB94A4C828737A9100521CA5 /* Debug */ = {
			isa = XCBuildConfiguration;
			buildSettings = {
				ASSETCATALOG_COMPILER_APPICON_NAME = AppIcon;
				ASSETCATALOG_COMPILER_GLOBAL_ACCENT_COLOR_NAME = AccentColor;
				CODE_SIGN_STYLE = Automatic;
				CURRENT_PROJECT_VERSION = 1;
				DEVELOPMENT_ASSET_PATHS = "\"Scrumdinger/Preview Content\"";
				DEVELOPMENT_TEAM = TFC8WMVJ84;
				ENABLE_PREVIEWS = YES;
				GENERATE_INFOPLIST_FILE = YES;
				INFOPLIST_KEY_UIApplicationSceneManifest_Generation = YES;
				INFOPLIST_KEY_UIApplicationSupportsIndirectInputEvents = YES;
				INFOPLIST_KEY_UILaunchScreen_Generation = YES;
				INFOPLIST_KEY_UISupportedInterfaceOrientations_iPad = "UIInterfaceOrientationPortrait UIInterfaceOrientationPortraitUpsideDown UIInterfaceOrientationLandscapeLeft UIInterfaceOrientationLandscapeRight";
				INFOPLIST_KEY_UISupportedInterfaceOrientations_iPhone = "UIInterfaceOrientationPortrait UIInterfaceOrientationLandscapeLeft UIInterfaceOrientationLandscapeRight";
				LD_RUNPATH_SEARCH_PATHS = (
					"$(inherited)",
					"@executable_path/Frameworks",
				);
				MARKETING_VERSION = 1.0;
				PRODUCT_BUNDLE_IDENTIFIER = com.MarshallARoss.Scrumdinger;
				PRODUCT_NAME = "$(TARGET_NAME)";
				SWIFT_EMIT_LOC_STRINGS = YES;
				SWIFT_VERSION = 5.0;
				TARGETED_DEVICE_FAMILY = "1,2";
			};
			name = Debug;
		};
		AB94A4C928737A9100521CA5 /* Release */ = {
			isa = XCBuildConfiguration;
			buildSettings = {
				ASSETCATALOG_COMPILER_APPICON_NAME = AppIcon;
				ASSETCATALOG_COMPILER_GLOBAL_ACCENT_COLOR_NAME = AccentColor;
				CODE_SIGN_STYLE = Automatic;
				CURRENT_PROJECT_VERSION = 1;
				DEVELOPMENT_ASSET_PATHS = "\"Scrumdinger/Preview Content\"";
				DEVELOPMENT_TEAM = TFC8WMVJ84;
				ENABLE_PREVIEWS = YES;
				GENERATE_INFOPLIST_FILE = YES;
				INFOPLIST_KEY_UIApplicationSceneManifest_Generation = YES;
				INFOPLIST_KEY_UIApplicationSupportsIndirectInputEvents = YES;
				INFOPLIST_KEY_UILaunchScreen_Generation = YES;
				INFOPLIST_KEY_UISupportedInterfaceOrientations_iPad = "UIInterfaceOrientationPortrait UIInterfaceOrientationPortraitUpsideDown UIInterfaceOrientationLandscapeLeft UIInterfaceOrientationLandscapeRight";
				INFOPLIST_KEY_UISupportedInterfaceOrientations_iPhone = "UIInterfaceOrientationPortrait UIInterfaceOrientationLandscapeLeft UIInterfaceOrientationLandscapeRight";
				LD_RUNPATH_SEARCH_PATHS = (
					"$(inherited)",
					"@executable_path/Frameworks",
				);
				MARKETING_VERSION = 1.0;
				PRODUCT_BUNDLE_IDENTIFIER = com.MarshallARoss.Scrumdinger;
				PRODUCT_NAME = "$(TARGET_NAME)";
				SWIFT_EMIT_LOC_STRINGS = YES;
				SWIFT_VERSION = 5.0;
				TARGETED_DEVICE_FAMILY = "1,2";
			};
			name = Release;
		};
/* End XCBuildConfiguration section */

/* Begin XCConfigurationList section */
		AB94A4B428737A8E00521CA5 /* Build configuration list for PBXProject "Scrumdinger" */ = {
			isa = XCConfigurationList;
			buildConfigurations = (
				AB94A4C528737A9100521CA5 /* Debug */,
				AB94A4C628737A9100521CA5 /* Release */,
			);
			defaultConfigurationIsVisible = 0;
			defaultConfigurationName = Release;
		};
		AB94A4C728737A9100521CA5 /* Build configuration list for PBXNativeTarget "Scrumdinger" */ = {
			isa = XCConfigurationList;
			buildConfigurations = (
				AB94A4C828737A9100521CA5 /* Debug */,
				AB94A4C928737A9100521CA5 /* Release */,
			);
			defaultConfigurationIsVisible = 0;
			defaultConfigurationName = Release;
		};
/* End XCConfigurationList section */
	};
	rootObject = AB94A4B128737A8E00521CA5 /* Project object */;
}
